
Microsoft Visual Studio Solution File, Format Version 12.00
# Visual Studio Version 17
VisualStudioVersion = 17.5.002.0
MinimumVisualStudioVersion = 10.0.40219.1
Project("{9A19103F-16F7-4668-BE54-9A1E7A4F7556}") = "LogLevels", "LogLevels.csproj", "{123084E1-FD1F-4AB9-AD04-9BA11340DAAF}"
EndProject
Global
	GlobalSection(SolutionConfigurationPlatforms) = preSolution
		Debug|Any CPU = Debug|Any CPU
		Release|Any CPU = Release|Any CPU
	EndGlobalSection
	GlobalSection(ProjectConfigurationPlatforms) = postSolution
		{123084E1-FD1F-4AB9-AD04-9BA11340DAAF}.Debug|Any CPU.ActiveCfg = Debug|Any CPU
		{123084E1-FD1F-4AB9-AD04-9BA11340DAAF}.Debug|Any CPU.Build.0 = Debug|Any CPU
		{123084E1-FD1F-4AB9-AD04-9BA11340DAAF}.Release|Any CPU.ActiveCfg = Release|Any CPU
		{123084E1-FD1F-4AB9-AD04-9BA11340DAAF}.Release|Any CPU.Build.0 = Release|Any CPU
	EndGlobalSection
	GlobalSection(SolutionProperties) = preSolution
		HideSolutionNode = FALSE
	EndGlobalSection
	GlobalSection(ExtensibilityGlobals) = postSolution
		SolutionGuid = {8F7EEB70-FCC8-43B6-9323-8564F25571C0}
	EndGlobalSection
EndGlobal
